
Microsoft Visual Studio Solution File, Format Version 12.00
# Visual Studio Version 17
VisualStudioVersion = 17.6.33829.357
MinimumVisualStudioVersion = 10.0.40219.1
Project("{FAE04EC0-301F-11D3-BF4B-00C04F79EFBC}") = "NorthwindService.Api", "NorthwindService.Api\NorthwindService.Api.csproj", "{18023D08-45FA-4F5F-9D69-265924D34562}"
EndProject
Project("{FAE04EC0-301F-11D3-BF4B-00C04F79EFBC}") = "NorthwindService.Core", "NorthwindService.Core\NorthwindService.Core.csproj", "{AC6F5ED8-FF35-467F-9B22-D1410CE3B3D1}"
EndProject
Project("{FAE04EC0-301F-11D3-BF4B-00C04F79EFBC}") = "NorthwindService.Services", "NorthwindService.Services\NorthwindService.Services.csproj", "{51188825-E636-4427-8DFB-934CC6050D3A}"
EndProject
Project("{FAE04EC0-301F-11D3-BF4B-00C04F79EFBC}") = "NorthwindService.Domain", "NorthwindService.Domain\NorthwindService.Domain.csproj", "{6CF3FEF9-36F6-4F9A-AA1E-16E6AFF4C776}"
EndProject
Global
	GlobalSection(SolutionConfigurationPlatforms) = preSolution
		Debug|Any CPU = Debug|Any CPU
		Release|Any CPU = Release|Any CPU
	EndGlobalSection
	GlobalSection(ProjectConfigurationPlatforms) = postSolution
		{18023D08-45FA-4F5F-9D69-265924D34562}.Debug|Any CPU.ActiveCfg = Debug|Any CPU
		{18023D08-45FA-4F5F-9D69-265924D34562}.Debug|Any CPU.Build.0 = Debug|Any CPU
		{18023D08-45FA-4F5F-9D69-265924D34562}.Release|Any CPU.ActiveCfg = Release|Any CPU
		{18023D08-45FA-4F5F-9D69-265924D34562}.Release|Any CPU.Build.0 = Release|Any CPU
		{AC6F5ED8-FF35-467F-9B22-D1410CE3B3D1}.Debug|Any CPU.ActiveCfg = Debug|Any CPU
		{AC6F5ED8-FF35-467F-9B22-D1410CE3B3D1}.Debug|Any CPU.Build.0 = Debug|Any CPU
		{AC6F5ED8-FF35-467F-9B22-D1410CE3B3D1}.Release|Any CPU.ActiveCfg = Release|Any CPU
		{AC6F5ED8-FF35-467F-9B22-D1410CE3B3D1}.Release|Any CPU.Build.0 = Release|Any CPU
		{51188825-E636-4427-8DFB-934CC6050D3A}.Debug|Any CPU.ActiveCfg = Debug|Any CPU
		{51188825-E636-4427-8DFB-934CC6050D3A}.Debug|Any CPU.Build.0 = Debug|Any CPU
		{51188825-E636-4427-8DFB-934CC6050D3A}.Release|Any CPU.ActiveCfg = Release|Any CPU
		{51188825-E636-4427-8DFB-934CC6050D3A}.Release|Any CPU.Build.0 = Release|Any CPU
		{6CF3FEF9-36F6-4F9A-AA1E-16E6AFF4C776}.Debug|Any CPU.ActiveCfg = Debug|Any CPU
		{6CF3FEF9-36F6-4F9A-AA1E-16E6AFF4C776}.Debug|Any CPU.Build.0 = Debug|Any CPU
		{6CF3FEF9-36F6-4F9A-AA1E-16E6AFF4C776}.Release|Any CPU.ActiveCfg = Release|Any CPU
		{6CF3FEF9-36F6-4F9A-AA1E-16E6AFF4C776}.Release|Any CPU.Build.0 = Release|Any CPU
	EndGlobalSection
	GlobalSection(SolutionProperties) = preSolution
		HideSolutionNode = FALSE
	EndGlobalSection
	GlobalSection(ExtensibilityGlobals) = postSolution
		SolutionGuid = {FD7C63DB-9C24-4D0E-9C15-B8250733888E}
	EndGlobalSection
EndGlobal
